
Microsoft Visual Studio Solution File, Format Version 12.00
# Visual Studio Version 16
VisualStudioVersion = 16.0.30907.101
MinimumVisualStudioVersion = 10.0.40219.1
Project("{FAE04EC0-301F-11D3-BF4B-00C04F79EFBC}") = "FormatParser", "FormatParser\FormatParser.csproj", "{53A25FA3-318B-4322-A9AF-8AF63EB40325}"
EndProject
Project("{FAE04EC0-301F-11D3-BF4B-00C04F79EFBC}") = "FormatParserTests", "FormatParserTests\FormatParserTests.csproj", "{21AB019C-D545-4E77-A9D3-4889B9E4AE38}"
EndProject
Global
	GlobalSection(SolutionConfigurationPlatforms) = preSolution
		Debug|Any CPU = Debug|Any CPU
		Release|Any CPU = Release|Any CPU
	EndGlobalSection
	GlobalSection(ProjectConfigurationPlatforms) = postSolution
		{53A25FA3-318B-4322-A9AF-8AF63EB40325}.Debug|Any CPU.ActiveCfg = Debug|Any CPU
		{53A25FA3-318B-4322-A9AF-8AF63EB40325}.Debug|Any CPU.Build.0 = Debug|Any CPU
		{53A25FA3-318B-4322-A9AF-8AF63EB40325}.Release|Any CPU.ActiveCfg = Release|Any CPU
		{53A25FA3-318B-4322-A9AF-8AF63EB40325}.Release|Any CPU.Build.0 = Release|Any CPU
		{21AB019C-D545-4E77-A9D3-4889B9E4AE38}.Debug|Any CPU.ActiveCfg = Debug|Any CPU
		{21AB019C-D545-4E77-A9D3-4889B9E4AE38}.Debug|Any CPU.Build.0 = Debug|Any CPU
		{21AB019C-D545-4E77-A9D3-4889B9E4AE38}.Release|Any CPU.ActiveCfg = Release|Any CPU
		{21AB019C-D545-4E77-A9D3-4889B9E4AE38}.Release|Any CPU.Build.0 = Release|Any CPU
	EndGlobalSection
	GlobalSection(SolutionProperties) = preSolution
		HideSolutionNode = FALSE
	EndGlobalSection
	GlobalSection(ExtensibilityGlobals) = postSolution
		SolutionGuid = {02DA5ABF-9EB1-4057-896E-795498B73304}
	EndGlobalSection
EndGlobal
